
Microsoft Visual Studio Solution File, Format Version 12.00
# Visual Studio 14
VisualStudioVersion = 14.0.23107.0
MinimumVisualStudioVersion = 10.0.40219.1
Project("{FAE04EC0-301F-11D3-BF4B-00C04F79EFBC}") = "License", "..\License\License.csproj", "{38555B4F-A462-461E-8810-BCAB93B9A16E}"
EndProject
Project("{FAE04EC0-301F-11D3-BF4B-00C04F79EFBC}") = "CHM_GESTION_COMERCIALE", "..\CHM_GESTION_COMERCIALE\CHM_GESTION_COMERCIALE.csproj", "{7885EFF8-8CAA-46C3-86C8-74BCDEDA10EB}"
EndProject
Project("{FAE04EC0-301F-11D3-BF4B-00C04F79EFBC}") = "CHM_CLIENT_APP", "..\CHM_CLIENT_APP\CHM_CLIENT_APP.csproj", "{BA07C897-2731-4C73-A633-6A39D5BDBCCD}"
EndProject
Project("{FAE04EC0-301F-11D3-BF4B-00C04F79EFBC}") = "CHMComponents", "CHMComponents\CHMComponents.csproj", "{473E5C60-7409-4130-96CD-6FDC1B6218DC}"
EndProject
Project("{FAE04EC0-301F-11D3-BF4B-00C04F79EFBC}") = "Connection", "..\Connection\Connection.csproj", "{3A5974CF-D64D-44D9-BCA0-3115AE69B527}"
EndProject
Project("{00D1A9C2-B5F0-4AF3-8072-F6C62B433612}") = "GCOM.sql", "GCOM.sql\GCOM.sql.sqlproj", "{ABE03892-A97A-44ED-A507-23706147F20D}"
EndProject
Project("{FAE04EC0-301F-11D3-BF4B-00C04F79EFBC}") = "GCOM.Domain", "GCOM.Domain\GCOM.Domain.csproj", "{82318689-8684-4767-A7C5-C46F062099FF}"
EndProject
Project("{FAE04EC0-301F-11D3-BF4B-00C04F79EFBC}") = "GCOM.Data", "GCOM.Data\GCOM.Data.csproj", "{E538B247-71AC-44DA-B218-7BCE6B6E91F6}"
EndProject
Project("{FAE04EC0-301F-11D3-BF4B-00C04F79EFBC}") = "GCOM.Services", "GCOM.Services\GCOM.Services.csproj", "{A9C22F94-04B3-4109-9402-A3F41B95A573}"
EndProject
Global
	GlobalSection(SolutionConfigurationPlatforms) = preSolution
		Debug|Any CPU = Debug|Any CPU
		Release|Any CPU = Release|Any CPU
	EndGlobalSection
	GlobalSection(ProjectConfigurationPlatforms) = postSolution
		{38555B4F-A462-461E-8810-BCAB93B9A16E}.Debug|Any CPU.ActiveCfg = Debug|Any CPU
		{38555B4F-A462-461E-8810-BCAB93B9A16E}.Debug|Any CPU.Build.0 = Debug|Any CPU
		{38555B4F-A462-461E-8810-BCAB93B9A16E}.Release|Any CPU.ActiveCfg = Release|Any CPU
		{38555B4F-A462-461E-8810-BCAB93B9A16E}.Release|Any CPU.Build.0 = Release|Any CPU
		{7885EFF8-8CAA-46C3-86C8-74BCDEDA10EB}.Debug|Any CPU.ActiveCfg = Debug|Any CPU
		{7885EFF8-8CAA-46C3-86C8-74BCDEDA10EB}.Debug|Any CPU.Build.0 = Debug|Any CPU
		{7885EFF8-8CAA-46C3-86C8-74BCDEDA10EB}.Release|Any CPU.ActiveCfg = Release|Any CPU
		{7885EFF8-8CAA-46C3-86C8-74BCDEDA10EB}.Release|Any CPU.Build.0 = Release|Any CPU
		{BA07C897-2731-4C73-A633-6A39D5BDBCCD}.Debug|Any CPU.ActiveCfg = Debug|Any CPU
		{BA07C897-2731-4C73-A633-6A39D5BDBCCD}.Debug|Any CPU.Build.0 = Debug|Any CPU
		{BA07C897-2731-4C73-A633-6A39D5BDBCCD}.Release|Any CPU.ActiveCfg = Release|Any CPU
		{BA07C897-2731-4C73-A633-6A39D5BDBCCD}.Release|Any CPU.Build.0 = Release|Any CPU
		{473E5C60-7409-4130-96CD-6FDC1B6218DC}.Debug|Any CPU.ActiveCfg = Debug|Any CPU
		{473E5C60-7409-4130-96CD-6FDC1B6218DC}.Debug|Any CPU.Build.0 = Debug|Any CPU
		{473E5C60-7409-4130-96CD-6FDC1B6218DC}.Release|Any CPU.ActiveCfg = Release|Any CPU
		{473E5C60-7409-4130-96CD-6FDC1B6218DC}.Release|Any CPU.Build.0 = Release|Any CPU
		{3A5974CF-D64D-44D9-BCA0-3115AE69B527}.Debug|Any CPU.ActiveCfg = Debug|Any CPU
		{3A5974CF-D64D-44D9-BCA0-3115AE69B527}.Debug|Any CPU.Build.0 = Debug|Any CPU
		{3A5974CF-D64D-44D9-BCA0-3115AE69B527}.Release|Any CPU.ActiveCfg = Release|Any CPU
		{3A5974CF-D64D-44D9-BCA0-3115AE69B527}.Release|Any CPU.Build.0 = Release|Any CPU
		{ABE03892-A97A-44ED-A507-23706147F20D}.Debug|Any CPU.ActiveCfg = Debug|Any CPU
		{ABE03892-A97A-44ED-A507-23706147F20D}.Debug|Any CPU.Build.0 = Debug|Any CPU
		{ABE03892-A97A-44ED-A507-23706147F20D}.Debug|Any CPU.Deploy.0 = Debug|Any CPU
		{ABE03892-A97A-44ED-A507-23706147F20D}.Release|Any CPU.ActiveCfg = Release|Any CPU
		{ABE03892-A97A-44ED-A507-23706147F20D}.Release|Any CPU.Build.0 = Release|Any CPU
		{ABE03892-A97A-44ED-A507-23706147F20D}.Release|Any CPU.Deploy.0 = Release|Any CPU
		{82318689-8684-4767-A7C5-C46F062099FF}.Debug|Any CPU.ActiveCfg = Debug|Any CPU
		{82318689-8684-4767-A7C5-C46F062099FF}.Debug|Any CPU.Build.0 = Debug|Any CPU
		{82318689-8684-4767-A7C5-C46F062099FF}.Release|Any CPU.ActiveCfg = Release|Any CPU
		{82318689-8684-4767-A7C5-C46F062099FF}.Release|Any CPU.Build.0 = Release|Any CPU
		{E538B247-71AC-44DA-B218-7BCE6B6E91F6}.Debug|Any CPU.ActiveCfg = Debug|Any CPU
		{E538B247-71AC-44DA-B218-7BCE6B6E91F6}.Debug|Any CPU.Build.0 = Debug|Any CPU
		{E538B247-71AC-44DA-B218-7BCE6B6E91F6}.Release|Any CPU.ActiveCfg = Release|Any CPU
		{E538B247-71AC-44DA-B218-7BCE6B6E91F6}.Release|Any CPU.Build.0 = Release|Any CPU
		{A9C22F94-04B3-4109-9402-A3F41B95A573}.Debug|Any CPU.ActiveCfg = Debug|Any CPU
		{A9C22F94-04B3-4109-9402-A3F41B95A573}.Debug|Any CPU.Build.0 = Debug|Any CPU
		{A9C22F94-04B3-4109-9402-A3F41B95A573}.Release|Any CPU.ActiveCfg = Release|Any CPU
		{A9C22F94-04B3-4109-9402-A3F41B95A573}.Release|Any CPU.Build.0 = Release|Any CPU
	EndGlobalSection
	GlobalSection(SolutionProperties) = preSolution
		HideSolutionNode = FALSE
	EndGlobalSection
	GlobalSection(PowerDesigner) = preSolution
		HasSWS = 1
	EndGlobalSection
EndGlobal
